# This file was autogenerated by Stack.
# You should not edit this file by hand.
# For more information, please see the documentation at:
#   https://docs.haskellstack.org/en/stable/lock_files

packages:
- completed:
    hackage: modular-arithmetic-1.2.1.5@sha256:af7daf1856fcab5674dee30485bbee046f31081fba5d9c99395fc4fb9e4ee557,1415
    pantry-tree:
      size: 383
      sha256: 2b0fd997de08acfdd0358953add80c54cab848c7d79da90bff1dc9d091375334
  original:
    hackage: modular-arithmetic-1.2.1.5@sha256:af7daf1856fcab5674dee30485bbee046f31081fba5d9c99395fc4fb9e4ee557
- completed:
    hackage: beam-migrate-0.4.0.1@sha256:c53948a84972f67e97ba9c56f3dda9abfed556ba2f1672dc3070eb2512791efb,4920
    pantry-tree:
      size: 1720
      sha256: 7ab124f3ac3c74bf5b342d2ef73c9ef3c13ddd7b0804aea340423ceb1baf72a1
  original:
    hackage: beam-migrate-0.4.0.1@sha256:c53948a84972f67e97ba9c56f3dda9abfed556ba2f1672dc3070eb2512791efb,4920
- completed:
    hackage: beam-sqlite-0.4.0.0@sha256:00504aa701bd000eb2a9df2214c46bc81a8244b41fb2bee16433adf16b89a94f,2750
    pantry-tree:
      size: 618
      sha256: 182b944bdc2c787f0c4069125508357440c04261251b2581038b60b6481a901a
  original:
    hackage: beam-sqlite-0.4.0.0@sha256:00504aa701bd000eb2a9df2214c46bc81a8244b41fb2bee16433adf16b89a94f,2750
snapshots:
- completed:
    size: 500539
    url: https://raw.githubusercontent.com/commercialhaskell/stackage-snapshots/master/lts/13/30.yaml
    sha256: 59ad6b944c9903847fecdc1d4815e8500c1f9999d80fd1b4d2d66e408faec44b
  original: lts-13.30
