# This file was autogenerated by Stack.
# You should not edit this file by hand.
# For more information, please see the documentation at:
#   https://docs.haskellstack.org/en/stable/lock_files

packages:
- completed:
    hackage: modular-arithmetic-1.2.1.5@sha256:af7daf1856fcab5674dee30485bbee046f31081fba5d9c99395fc4fb9e4ee557,1415
    pantry-tree:
      size: 383
      sha256: 2b0fd997de08acfdd0358953add80c54cab848c7d79da90bff1dc9d091375334
  original:
    hackage: modular-arithmetic-1.2.1.5@sha256:af7daf1856fcab5674dee30485bbee046f31081fba5d9c99395fc4fb9e4ee557
snapshots:
- completed:
    size: 525876
    url: https://raw.githubusercontent.com/commercialhaskell/stackage-snapshots/master/lts/14/13.yaml
    sha256: 4a0e79eb194c937cc2a1852ff84d983c63ac348dc6bad5f38d20cab697036eef
  original: lts-14.13
